
Microsoft Visual Studio Solution File, Format Version 12.00
# Visual Studio 15
VisualStudioVersion = 15.0.26403.7
MinimumVisualStudioVersion = 10.0.40219.1
Project("{FAE04EC0-301F-11D3-BF4B-00C04F79EFBC}") = "linqConsole", "linqConsole\linqConsole.csproj", "{7FC8BB32-C7A0-45DD-885C-50B3383F701A}"
EndProject
Global
	GlobalSection(SolutionConfigurationPlatforms) = preSolution
		Debug|Any CPU = Debug|Any CPU
		Release|Any CPU = Release|Any CPU
	EndGlobalSection
	GlobalSection(ProjectConfigurationPlatforms) = postSolution
		{7FC8BB32-C7A0-45DD-885C-50B3383F701A}.Debug|Any CPU.ActiveCfg = Debug|Any CPU
		{7FC8BB32-C7A0-45DD-885C-50B3383F701A}.Debug|Any CPU.Build.0 = Debug|Any CPU
		{7FC8BB32-C7A0-45DD-885C-50B3383F701A}.Release|Any CPU.ActiveCfg = Release|Any CPU
		{7FC8BB32-C7A0-45DD-885C-50B3383F701A}.Release|Any CPU.Build.0 = Release|Any CPU
	EndGlobalSection
	GlobalSection(SolutionProperties) = preSolution
		HideSolutionNode = FALSE
	EndGlobalSection
EndGlobal
